Microsoft Visual Studio Solution File, Format Version 12.00
# Visual Studio Version 17
VisualStudioVersion = 17.13.36105.23
MinimumVisualStudioVersion = 10.0.40219.1
Project("{FAE04EC0-301F-11D3-BF4B-00C04F79EFBC}") = "DevExpress.GridHelpers", "DevExpress.GridHelpers\DevExpress.GridHelpers.csproj", "{7BDEC7CB-1370-4BE5-8835-8D637546B8C3}"
EndProject
Global
	GlobalSection(SolutionConfigurationPlatforms) = preSolution
		Debug|Any CPU = Debug|Any CPU
		Release|Any CPU = Release|Any CPU
	EndGlobalSection
	GlobalSection(ProjectConfigurationPlatforms) = postSolution
		{7BDEC7CB-1370-4BE5-8835-8D637546B8C3}.Debug|Any CPU.ActiveCfg = Debug|Any CPU
		{7BDEC7CB-1370-4BE5-8835-8D637546B8C3}.Debug|Any CPU.Build.0 = Debug|Any CPU
		{7BDEC7CB-1370-4BE5-8835-8D637546B8C3}.Release|Any CPU.ActiveCfg = Release|Any CPU
		{7BDEC7CB-1370-4BE5-8835-8D637546B8C3}.Release|Any CPU.Build.0 = Release|Any CPU
	EndGlobalSection
	GlobalSection(SolutionProperties) = preSolution
		HideSolutionNode = FALSE
	EndGlobalSection
	GlobalSection(ExtensibilityGlobals) = postSolution
		SolutionGuid = {8A11C679-A349-47A8-B750-4507E6BD1D5B}
	EndGlobalSection
EndGlobal
